{
  "name": "npmInstall",
  "version": "1.0.0",
  "lockfileVersion": 1,
  "requires": true,
  "dependencies": {
    "zsn98-release": {
      "version": "0.0.1",
      "resolved": "https://registry.npmjs.org/zsn98-release/-/zsn98-release-0.0.1.tgz",
      "integrity": "sha512-lPqutrRwm/KJUHOxpX3Ii6dGAv5uwQDbPYCR59YNzHlpbtsuvJs0oG/hPtdZcWoYuxYlYDJw1rmRPNvxm3O57Q=="
    }
  }
}
